# This file was autogenerated by uv via the following command:
#    uv pip compile requirements-publication.in -o requirements-publication.lock
anyio==4.15.1
    # via httpx2
click==8.5.0
    # via huggingface-hub
filelock==4.0.9
    # via huggingface-hub
fsspec==2026.9.0
    # via huggingface-hub
h11==0.16.0
    # via httpcore2
hf-xet==1.6.0
    # via huggingface-hub
httpcore2==2.13.1
    # via httpx2
httpx2==2.13.1
    # via huggingface-hub
huggingface-hub==2.1.1
    # via -r requirements-publication.in
idna==3.20
    # via
    #   anyio
    #   httpx2
packaging==26.3
    # via huggingface-hub
pyarrow==25.0.1
    # via -r requirements-publication.in
pyyaml==6.0.3
    # via huggingface-hub
tqdm==4.70.1
    # via huggingface-hub
truststore==0.10.4
    # via
    #   httpcore2
    #   httpx2
typing-extensions==4.16.0
    # via
    #   anyio
    #   httpx2
    #   huggingface-hub
